
Microsoft Visual Studio Solution File, Format Version 12.00
# Visual Studio 14
VisualStudioVersion = 14.0.24720.0
MinimumVisualStudioVersion = 10.0.40219.1
Project("{FAE04EC0-301F-11D3-BF4B-00C04F79EFBC}") = "EduTestServiceClient", "EduTestServiceClient\EduTestServiceClient.csproj", "{C9729F20-2AE4-45F2-A6BC-8DD7E7C4C15A}"
EndProject
Project("{FAE04EC0-301F-11D3-BF4B-00C04F79EFBC}") = "ClientLibraryTest", "ClientLibraryTest\ClientLibraryTest.csproj", "{E1AC24FC-C9C9-4CCF-A1E7-278A2DF6FCA8}"
EndProject
Project("{FAE04EC0-301F-11D3-BF4B-00C04F79EFBC}") = "StudentEduTest", "StudentEduTest\StudentEduTest.csproj", "{08120778-28D6-437C-98EF-882AFE33988B}"
EndProject
Project("{FAE04EC0-301F-11D3-BF4B-00C04F79EFBC}") = "TeacherEduTest", "TeacherEduTest\TeacherEduTest.csproj", "{D6548BA2-EAF2-4ED6-B47C-001B19617C22}"
EndProject
Project("{FAE04EC0-301F-11D3-BF4B-00C04F79EFBC}") = "Student.UI", "Student.UI\Student.UI.csproj", "{95545E4A-E760-4C29-94AE-C7EC6F8DD7DD}"
EndProject
Project("{FAE04EC0-301F-11D3-BF4B-00C04F79EFBC}") = "TeacherApp", "TeacherApp\TeacherApp.csproj", "{F10FFF0F-F366-4452-9821-F4C7BCB63259}"
EndProject
Global
	GlobalSection(SolutionConfigurationPlatforms) = preSolution
		Debug|Any CPU = Debug|Any CPU
		Release|Any CPU = Release|Any CPU
	EndGlobalSection
	GlobalSection(ProjectConfigurationPlatforms) = postSolution
		{C9729F20-2AE4-45F2-A6BC-8DD7E7C4C15A}.Debug|Any CPU.ActiveCfg = Debug|Any CPU
		{C9729F20-2AE4-45F2-A6BC-8DD7E7C4C15A}.Debug|Any CPU.Build.0 = Debug|Any CPU
		{C9729F20-2AE4-45F2-A6BC-8DD7E7C4C15A}.Release|Any CPU.ActiveCfg = Release|Any CPU
		{C9729F20-2AE4-45F2-A6BC-8DD7E7C4C15A}.Release|Any CPU.Build.0 = Release|Any CPU
		{E1AC24FC-C9C9-4CCF-A1E7-278A2DF6FCA8}.Debug|Any CPU.ActiveCfg = Debug|Any CPU
		{E1AC24FC-C9C9-4CCF-A1E7-278A2DF6FCA8}.Debug|Any CPU.Build.0 = Debug|Any CPU
		{E1AC24FC-C9C9-4CCF-A1E7-278A2DF6FCA8}.Release|Any CPU.ActiveCfg = Release|Any CPU
		{E1AC24FC-C9C9-4CCF-A1E7-278A2DF6FCA8}.Release|Any CPU.Build.0 = Release|Any CPU
		{08120778-28D6-437C-98EF-882AFE33988B}.Debug|Any CPU.ActiveCfg = Debug|Any CPU
		{08120778-28D6-437C-98EF-882AFE33988B}.Debug|Any CPU.Build.0 = Debug|Any CPU
		{08120778-28D6-437C-98EF-882AFE33988B}.Release|Any CPU.ActiveCfg = Release|Any CPU
		{08120778-28D6-437C-98EF-882AFE33988B}.Release|Any CPU.Build.0 = Release|Any CPU
		{D6548BA2-EAF2-4ED6-B47C-001B19617C22}.Debug|Any CPU.ActiveCfg = Debug|Any CPU
		{D6548BA2-EAF2-4ED6-B47C-001B19617C22}.Debug|Any CPU.Build.0 = Debug|Any CPU
		{D6548BA2-EAF2-4ED6-B47C-001B19617C22}.Release|Any CPU.ActiveCfg = Release|Any CPU
		{D6548BA2-EAF2-4ED6-B47C-001B19617C22}.Release|Any CPU.Build.0 = Release|Any CPU
		{95545E4A-E760-4C29-94AE-C7EC6F8DD7DD}.Debug|Any CPU.ActiveCfg = Debug|Any CPU
		{95545E4A-E760-4C29-94AE-C7EC6F8DD7DD}.Debug|Any CPU.Build.0 = Debug|Any CPU
		{95545E4A-E760-4C29-94AE-C7EC6F8DD7DD}.Release|Any CPU.ActiveCfg = Release|Any CPU
		{95545E4A-E760-4C29-94AE-C7EC6F8DD7DD}.Release|Any CPU.Build.0 = Release|Any CPU
		{F10FFF0F-F366-4452-9821-F4C7BCB63259}.Debug|Any CPU.ActiveCfg = Debug|Any CPU
		{F10FFF0F-F366-4452-9821-F4C7BCB63259}.Debug|Any CPU.Build.0 = Debug|Any CPU
		{F10FFF0F-F366-4452-9821-F4C7BCB63259}.Release|Any CPU.ActiveCfg = Release|Any CPU
		{F10FFF0F-F366-4452-9821-F4C7BCB63259}.Release|Any CPU.Build.0 = Release|Any CPU
	EndGlobalSection
	GlobalSection(SolutionProperties) = preSolution
		HideSolutionNode = FALSE
	EndGlobalSection
EndGlobal
